
Microsoft Visual Studio Solution File, Format Version 12.00
# Visual Studio 15
VisualStudioVersion = 15.0.28307.421
MinimumVisualStudioVersion = 10.0.40219.1
Project("{FAE04EC0-301F-11D3-BF4B-00C04F79EFBC}") = "DUSCoreTraining", "DUSCoreTraining\DUSCoreTraining.csproj", "{C052003A-1B73-4BAF-AF8B-049731F5003B}"
EndProject
Global
	GlobalSection(SolutionConfigurationPlatforms) = preSolution
		Debug|Any CPU = Debug|Any CPU
		Release|Any CPU = Release|Any CPU
	EndGlobalSection
	GlobalSection(ProjectConfigurationPlatforms) = postSolution
		{C052003A-1B73-4BAF-AF8B-049731F5003B}.Debug|Any CPU.ActiveCfg = Debug|Any CPU
		{C052003A-1B73-4BAF-AF8B-049731F5003B}.Debug|Any CPU.Build.0 = Debug|Any CPU
		{C052003A-1B73-4BAF-AF8B-049731F5003B}.Release|Any CPU.ActiveCfg = Release|Any CPU
		{C052003A-1B73-4BAF-AF8B-049731F5003B}.Release|Any CPU.Build.0 = Release|Any CPU
	EndGlobalSection
	GlobalSection(SolutionProperties) = preSolution
		HideSolutionNode = FALSE
	EndGlobalSection
	GlobalSection(ExtensibilityGlobals) = postSolution
		SolutionGuid = {F236F43D-3233-4A8C-9AF2-A20B35DCF4B1}
	EndGlobalSection
EndGlobal
